
Microsoft Visual Studio Solution File, Format Version 12.00
# Visual Studio Version 17
VisualStudioVersion = 17.0.31903.59
MinimumVisualStudioVersion = 10.0.40219.1
Project("{FAE04EC0-301F-11D3-BF4B-00C04F79EFBC}") = "Thrima.Application", "Thrima.Application\Thrima.Application.csproj", "{B646C28C-DF5E-4003-9E76-867D876D319B}"
EndProject
Project("{FAE04EC0-301F-11D3-BF4B-00C04F79EFBC}") = "Thrima.Domain", "Thrima.Domain\Thrima.Domain.csproj", "{22DACC25-9890-44CB-8108-1F608281A1F1}"
EndProject
Project("{FAE04EC0-301F-11D3-BF4B-00C04F79EFBC}") = "Thrima.Infrastructure", "Thrima.Infrastructure\Thrima.Infrastructure.csproj", "{8E6BFFBC-F90F-4209-B16D-B2663421B16B}"
EndProject
Project("{FAE04EC0-301F-11D3-BF4B-00C04F79EFBC}") = "Thrima.WebApi", "Thrima.WebApi\Thrima.WebApi.csproj", "{2CE57417-AFEA-4554-A77E-C9EED606BF0D}"
EndProject
Global
	GlobalSection(SolutionConfigurationPlatforms) = preSolution
		Debug|Any CPU = Debug|Any CPU
		Release|Any CPU = Release|Any CPU
	EndGlobalSection
	GlobalSection(ProjectConfigurationPlatforms) = postSolution
		{B646C28C-DF5E-4003-9E76-867D876D319B}.Debug|Any CPU.ActiveCfg = Debug|Any CPU
		{B646C28C-DF5E-4003-9E76-867D876D319B}.Debug|Any CPU.Build.0 = Debug|Any CPU
		{B646C28C-DF5E-4003-9E76-867D876D319B}.Release|Any CPU.ActiveCfg = Release|Any CPU
		{B646C28C-DF5E-4003-9E76-867D876D319B}.Release|Any CPU.Build.0 = Release|Any CPU
		{22DACC25-9890-44CB-8108-1F608281A1F1}.Debug|Any CPU.ActiveCfg = Debug|Any CPU
		{22DACC25-9890-44CB-8108-1F608281A1F1}.Debug|Any CPU.Build.0 = Debug|Any CPU
		{22DACC25-9890-44CB-8108-1F608281A1F1}.Release|Any CPU.ActiveCfg = Release|Any CPU
		{22DACC25-9890-44CB-8108-1F608281A1F1}.Release|Any CPU.Build.0 = Release|Any CPU
		{8E6BFFBC-F90F-4209-B16D-B2663421B16B}.Debug|Any CPU.ActiveCfg = Debug|Any CPU
		{8E6BFFBC-F90F-4209-B16D-B2663421B16B}.Debug|Any CPU.Build.0 = Debug|Any CPU
		{8E6BFFBC-F90F-4209-B16D-B2663421B16B}.Release|Any CPU.ActiveCfg = Release|Any CPU
		{8E6BFFBC-F90F-4209-B16D-B2663421B16B}.Release|Any CPU.Build.0 = Release|Any CPU
		{2CE57417-AFEA-4554-A77E-C9EED606BF0D}.Debug|Any CPU.ActiveCfg = Debug|Any CPU
		{2CE57417-AFEA-4554-A77E-C9EED606BF0D}.Debug|Any CPU.Build.0 = Debug|Any CPU
		{2CE57417-AFEA-4554-A77E-C9EED606BF0D}.Release|Any CPU.ActiveCfg = Release|Any CPU
		{2CE57417-AFEA-4554-A77E-C9EED606BF0D}.Release|Any CPU.Build.0 = Release|Any CPU
	EndGlobalSection
	GlobalSection(SolutionProperties) = preSolution
		HideSolutionNode = FALSE
	EndGlobalSection
EndGlobal
